{
  "name": "video-platform",
  "lockfileVersion": 3,
  "requires": true,
  "packages": {
    "": {
      "dependencies": {
        "eslint-define-config": "^1.23.0"
      }
    },
    "node_modules/eslint-define-config": {
      "version": "1.23.0",
      "resolved": "https://registry.npmjs.org/eslint-define-config/-/eslint-define-config-1.23.0.tgz",
      "integrity": "sha512-4mMyu0JuBkQHsCtR+42irIQdFLmLIW+pMAVcyOV/gZRL4O1R8iuH0eMG3oL3Cbi1eo9fDAfT5CIHVHgdyxcf6w==",
      "funding": [
        {
          "type": "github",
          "url": "https://github.com/Shinigami92"
        },
        {
          "type": "paypal",
          "url": "https://www.paypal.com/donate/?hosted_button_id=L7GY729FBKTZY"
        }
      ],
      "engines": {
        "node": "^16.13.0 || >=18.0.0",
        "npm": ">=7.0.0",
        "pnpm": ">= 8.6.0"
      }
    }
  }
}
